
Microsoft Visual Studio Solution File, Format Version 12.00
# Visual Studio Version 17
VisualStudioVersion = 17.3.32825.248
MinimumVisualStudioVersion = 10.0.40219.1
Project("{FAE04EC0-301F-11D3-BF4B-00C04F79EFBC}") = "Laboratory-8 ex-3", "Laboratory-8 ex-3\Laboratory-8 ex-3.csproj", "{1D6F5A85-8567-4E9F-9EE8-5C0EB04E5051}"
EndProject
Global
	GlobalSection(SolutionConfigurationPlatforms) = preSolution
		Debug|Any CPU = Debug|Any CPU
		Release|Any CPU = Release|Any CPU
	EndGlobalSection
	GlobalSection(ProjectConfigurationPlatforms) = postSolution
		{1D6F5A85-8567-4E9F-9EE8-5C0EB04E5051}.Debug|Any CPU.ActiveCfg = Debug|Any CPU
		{1D6F5A85-8567-4E9F-9EE8-5C0EB04E5051}.Debug|Any CPU.Build.0 = Debug|Any CPU
		{1D6F5A85-8567-4E9F-9EE8-5C0EB04E5051}.Release|Any CPU.ActiveCfg = Release|Any CPU
		{1D6F5A85-8567-4E9F-9EE8-5C0EB04E5051}.Release|Any CPU.Build.0 = Release|Any CPU
	EndGlobalSection
	GlobalSection(SolutionProperties) = preSolution
		HideSolutionNode = FALSE
	EndGlobalSection
	GlobalSection(ExtensibilityGlobals) = postSolution
		SolutionGuid = {1983304B-548B-4F38-B876-D5BEA4CD0A42}
	EndGlobalSection
EndGlobal
